// !$*UTF8*$!
{
	archiveVersion = 1;
	classes = {
	};
	objectVersion = 56;
	objects = {

/* Begin PBXBuildFile section */
		D50CDDC42AD6C8C100FC4F07 /* copy_dataApp.swift in Sources */ = {isa = PBXBuildFile; fileRef = D50CDDC32AD6C8C100FC4F07 /* copy_dataApp.swift */; };
		D50CDDC62AD6C8C100FC4F07 /* ContentView.swift in Sources */ = {isa = PBXBuildFile; fileRef = D50CDDC52AD6C8C100FC4F07 /* ContentView.swift */; };
		D50CDDC82AD6C8C200FC4F07 /* Assets.xcassets in Resources */ = {isa = PBXBuildFile; fileRef = D50CDDC72AD6C8C200FC4F07 /* Assets.xcassets */; };
		D50CDDCB2AD6C8C200FC4F07 /* Preview Assets.xcassets in Resources */ = {isa = PBXBuildFile; fileRef = D50CDDCA2AD6C8C200FC4F07 /* Preview Assets.xcassets */; };
		D50CDDD22AD6CFDE00FC4F07 /* CopyViewModel.swift in Sources */ = {isa = PBXBuildFile; fileRef = D50CDDD12AD6CFDE00FC4F07 /* CopyViewModel.swift */; };
		D50CDDD42AD6E35D00FC4F07 /* BlockStatusModel.swift in Sources */ = {isa = PBXBuildFile; fileRef = D50CDDD32AD6E35D00FC4F07 /* BlockStatusModel.swift */; };
/* End PBXBuildFile section */

/* Begin PBXFileReference section */
		D50CDDC02AD6C8C100FC4F07 /* copy-data.app */ = {isa = PBXFileReference; explicitFileType = wrapper.application; includeInIndex = 0; path = "copy-data.app"; sourceTree = BUILT_PRODUCTS_DIR; };
		D50CDDC32AD6C8C100FC4F07 /* copy_dataApp.swift */ = {isa = PBXFileReference; lastKnownFileType = sourcecode.swift; path = copy_dataApp.swift; sourceTree = "<group>"; };
		D50CDDC52AD6C8C100FC4F07 /* ContentView.swift */ = {isa = PBXFileReference; lastKnownFileType = sourcecode.swift; path = ContentView.swift; sourceTree = "<group>"; };
		D50CDDC72AD6C8C200FC4F07 /* Assets.xcassets */ = {isa = PBXFileReference; lastKnownFileType = folder.assetcatalog; path = Assets.xcassets; sourceTree = "<group>"; };
		D50CDDCA2AD6C8C200FC4F07 /* Preview Assets.xcassets */ = {isa = PBXFileReference; lastKnownFileType = folder.assetcatalog; path = "Preview Assets.xcassets"; sourceTree = "<group>"; };
		D50CDDD12AD6CFDE00FC4F07 /* CopyViewModel.swift */ = {isa = PBXFileReference; lastKnownFileType = sourcecode.swift; path = CopyViewModel.swift; sourceTree = "<group>"; };
		D50CDDD32AD6E35D00FC4F07 /* BlockStatusModel.swift */ = {isa = PBXFileReference; lastKnownFileType = sourcecode.swift; path = BlockStatusModel.swift; sourceTree = "<group>"; };
/* End PBXFileReference section */

/* Begin PBXFrameworksBuildPhase section */
		D50CDDBD2AD6C8C100FC4F07 /* Frameworks */ = {
			isa = PBXFrameworksBuildPhase;
			buildActionMask = 2147483647;
			files = (
			);
			runOnlyForDeploymentPostprocessing = 0;
		};
/* End PBXFrameworksBuildPhase section */

/* Begin PBXGroup section */
		D50CDDB72AD6C8C100FC4F07 = {
			isa = PBXGroup;
			children = (
				D50CDDC22AD6C8C100FC4F07 /* copy-data */,
				D50CDDC12AD6C8C100FC4F07 /* Products */,
			);
			sourceTree = "<group>";
		};
		D50CDDC12AD6C8C100FC4F07 /* Products */ = {
			isa = PBXGroup;
			children = (
				D50CDDC02AD6C8C100FC4F07 /* copy-data.app */,
			);
			name = Products;
			sourceTree = "<group>";
		};
		D50CDDC22AD6C8C100FC4F07 /* copy-data */ = {
			isa = PBXGroup;
			children = (
				D50CDDC32AD6C8C100FC4F07 /* copy_dataApp.swift */,
				D50CDDC52AD6C8C100FC4F07 /* ContentView.swift */,
				D50CDDC72AD6C8C200FC4F07 /* Assets.xcassets */,
				D50CDDC92AD6C8C200FC4F07 /* Preview Content */,
				D50CDDD12AD6CFDE00FC4F07 /* CopyViewModel.swift */,
				D50CDDD32AD6E35D00FC4F07 /* BlockStatusModel.swift */,
			);
			path = "copy-data";
			sourceTree = "<group>";
		};
		D50CDDC92AD6C8C200FC4F07 /* Preview Content */ = {
			isa = PBXGroup;
			children = (
				D50CDDCA2AD6C8C200FC4F07 /* Preview Assets.xcassets */,
			);
			path = "Preview Content";
			sourceTree = "<group>";
		};
/* End PBXGroup section */

/* Begin PBXNativeTarget section */
		D50CDDBF2AD6C8C100FC4F07 /* copy-data */ = {
			isa = PBXNativeTarget;
			buildConfigurationList = D50CDDCE2AD6C8C200FC4F07 /* Build configuration list for PBXNativeTarget "copy-data" */;
			buildPhases = (
				D50CDDBC2AD6C8C100FC4F07 /* Sources */,
				D50CDDBD2AD6C8C100FC4F07 /* Frameworks */,
				D50CDDBE2AD6C8C100FC4F07 /* Resources */,
			);
			buildRules = (
			);
			dependencies = (
			);
			name = "copy-data";
			productName = "copy-data";
			productReference = D50CDDC02AD6C8C100FC4F07 /* copy-data.app */;
			productType = "com.apple.product-type.application";
		};
/* End PBXNativeTarget section */

/* Begin PBXProject section */
		D50CDDB82AD6C8C100FC4F07 /* Project object */ = {
			isa = PBXProject;
			attributes = {
				BuildIndependentTargetsInParallel = 1;
				LastSwiftUpdateCheck = 1430;
				LastUpgradeCheck = 1430;
				TargetAttributes = {
					D50CDDBF2AD6C8C100FC4F07 = {
						CreatedOnToolsVersion = 14.3;
					};
				};
			};
			buildConfigurationList = D50CDDBB2AD6C8C100FC4F07 /* Build configuration list for PBXProject "copy-data" */;
			compatibilityVersion = "Xcode 14.0";
			developmentRegion = en;
			hasScannedForEncodings = 0;
			knownRegions = (
				en,
				Base,
			);
			mainGroup = D50CDDB72AD6C8C100FC4F07;
			productRefGroup = D50CDDC12AD6C8C100FC4F07 /* Products */;
			projectDirPath = "";
			projectRoot = "";
			targets = (
				D50CDDBF2AD6C8C100FC4F07 /* copy-data */,
			);
		};
/* End PBXProject section */

/* Begin PBXResourcesBuildPhase section */
		D50CDDBE2AD6C8C100FC4F07 /* Resources */ = {
			isa = PBXResourcesBuildPhase;
			buildActionMask = 2147483647;
			files = (
				D50CDDCB2AD6C8C200FC4F07 /* Preview Assets.xcassets in Resources */,
				D50CDDC82AD6C8C200FC4F07 /* Assets.xcassets in Resources */,
			);
			runOnlyForDeploymentPostprocessing = 0;
		};
/* End PBXResourcesBuildPhase section */

/* Begin PBXSourcesBuildPhase section */
		D50CDDBC2AD6C8C100FC4F07 /* Sources */ = {
			isa = PBXSourcesBuildPhase;
			buildActionMask = 2147483647;
			files = (
				D50CDDC62AD6C8C100FC4F07 /* ContentView.swift in Sources */,
				D50CDDD42AD6E35D00FC4F07 /* BlockStatusModel.swift in Sources */,
				D50CDDD22AD6CFDE00FC4F07 /* CopyViewModel.swift in Sources */,
				D50CDDC42AD6C8C100FC4F07 /* copy_dataApp.swift in Sources */,
			);
			runOnlyForDeploymentPostprocessing = 0;
		};
/* End PBXSourcesBuildPhase section */

/* Begin XCBuildConfiguration section */
		D50CDDCC2AD6C8C200FC4F07 /* Debug */ = {
			isa = XCBuildConfiguration;
			buildSettings = {
				ALWAYS_SEARCH_USER_PATHS = NO;
				CLANG_ANALYZER_NONNULL = YES;
				CLANG_ANALYZER_NUMBER_OBJECT_CONVERSION = YES_AGGRESSIVE;
				CLANG_CXX_LANGUAGE_STANDARD = "gnu++20";
				CLANG_ENABLE_MODULES = YES;
				CLANG_ENABLE_OBJC_ARC = YES;
				CLANG_ENABLE_OBJC_WEAK = YES;
				CLANG_WARN_BLOCK_CAPTURE_AUTORELEASING = YES;
				CLANG_WARN_BOOL_CONVERSION = YES;
				CLANG_WARN_COMMA = YES;
				CLANG_WARN_CONSTANT_CONVERSION = YES;
				CLANG_WARN_DEPRECATED_OBJC_IMPLEMENTATIONS = YES;
				CLANG_WARN_DIRECT_OBJC_ISA_USAGE = YES_ERROR;
				CLANG_WARN_DOCUMENTATION_COMMENTS = YES;
				CLANG_WARN_EMPTY_BODY = YES;
				CLANG_WARN_ENUM_CONVERSION = YES;
				CLANG_WARN_INFINITE_RECURSION = YES;
				CLANG_WARN_INT_CONVERSION = YES;
				CLANG_WARN_NON_LITERAL_NULL_CONVERSION = YES;
				CLANG_WARN_OBJC_IMPLICIT_RETAIN_SELF = YES;
				CLANG_WARN_OBJC_LITERAL_CONVERSION = YES;
				CLANG_WARN_OBJC_ROOT_CLASS = YES_ERROR;
				CLANG_WARN_QUOTED_INCLUDE_IN_FRAMEWORK_HEADER = YES;
				CLANG_WARN_RANGE_LOOP_ANALYSIS = YES;
				CLANG_WARN_STRICT_PROTOTYPES = YES;
				CLANG_WARN_SUSPICIOUS_MOVE = YES;
				CLANG_WARN_UNGUARDED_AVAILABILITY = YES_AGGRESSIVE;
				CLANG_WARN_UNREACHABLE_CODE = YES;
				CLANG_WARN__DUPLICATE_METHOD_MATCH = YES;
				COPY_PHASE_STRIP = NO;
				DEBUG_INFORMATION_FORMAT = dwarf;
				ENABLE_STRICT_OBJC_MSGSEND = YES;
				ENABLE_TESTABILITY = YES;
				GCC_C_LANGUAGE_STANDARD = gnu11;
				GCC_DYNAMIC_NO_PIC = NO;
				GCC_NO_COMMON_BLOCKS = YES;
				GCC_OPTIMIZATION_LEVEL = 0;
				GCC_PREPROCESSOR_DEFINITIONS = (
					"DEBUG=1",
					"$(inherited)",
				);
				GCC_WARN_64_TO_32_BIT_CONVERSION = YES;
				GCC_WARN_ABOUT_RETURN_TYPE = YES_ERROR;
				GCC_WARN_UNDECLARED_SELECTOR = YES;
				GCC_WARN_UNINITIALIZED_AUTOS = YES_AGGRESSIVE;
				GCC_WARN_UNUSED_FUNCTION = YES;
				GCC_WARN_UNUSED_VARIABLE = YES;
				IPHONEOS_DEPLOYMENT_TARGET = 16.4;
				MTL_ENABLE_DEBUG_INFO = INCLUDE_SOURCE;
				MTL_FAST_MATH = YES;
				ONLY_ACTIVE_ARCH = YES;
				SDKROOT = iphoneos;
				SWIFT_ACTIVE_COMPILATION_CONDITIONS = DEBUG;
				SWIFT_OPTIMIZATION_LEVEL = "-Onone";
			};
			name = Debug;
		};
		D50CDDCD2AD6C8C200FC4F07 /* Release */ = {
			isa = XCBuildConfiguration;
			buildSettings = {
				ALWAYS_SEARCH_USER_PATHS = NO;
				CLANG_ANALYZER_NONNULL = YES;
				CLANG_ANALYZER_NUMBER_OBJECT_CONVERSION = YES_AGGRESSIVE;
				CLANG_CXX_LANGUAGE_STANDARD = "gnu++20";
				CLANG_ENABLE_MODULES = YES;
				CLANG_ENABLE_OBJC_ARC = YES;
				CLANG_ENABLE_OBJC_WEAK = YES;
				CLANG_WARN_BLOCK_CAPTURE_AUTORELEASING = YES;
				CLANG_WARN_BOOL_CONVERSION = YES;
				CLANG_WARN_COMMA = YES;
				CLANG_WARN_CONSTANT_CONVERSION = YES;
				CLANG_WARN_DEPRECATED_OBJC_IMPLEMENTATIONS = YES;
				CLANG_WARN_DIRECT_OBJC_ISA_USAGE = YES_ERROR;
				CLANG_WARN_DOCUMENTATION_COMMENTS = YES;
				CLANG_WARN_EMPTY_BODY = YES;
				CLANG_WARN_ENUM_CONVERSION = YES;
				CLANG_WARN_INFINITE_RECURSION = YES;
				CLANG_WARN_INT_CONVERSION = YES;
				CLANG_WARN_NON_LITERAL_NULL_CONVERSION = YES;
				CLANG_WARN_OBJC_IMPLICIT_RETAIN_SELF = YES;
				CLANG_WARN_OBJC_LITERAL_CONVERSION = YES;
				CLANG_WARN_OBJC_ROOT_CLASS = YES_ERROR;
				CLANG_WARN_QUOTED_INCLUDE_IN_FRAMEWORK_HEADER = YES;
				CLANG_WARN_RANGE_LOOP_ANALYSIS = YES;
				CLANG_WARN_STRICT_PROTOTYPES = YES;
				CLANG_WARN_SUSPICIOUS_MOVE = YES;
				CLANG_WARN_UNGUARDED_AVAILABILITY = YES_AGGRESSIVE;
				CLANG_WARN_UNREACHABLE_CODE = YES;
				CLANG_WARN__DUPLICATE_METHOD_MATCH = YES;
				COPY_PHASE_STRIP = NO;
				DEBUG_INFORMATION_FORMAT = "dwarf-with-dsym";
				ENABLE_NS_ASSERTIONS = NO;
				ENABLE_STRICT_OBJC_MSGSEND = YES;
				GCC_C_LANGUAGE_STANDARD = gnu11;
				GCC_NO_COMMON_BLOCKS = YES;
				GCC_WARN_64_TO_32_BIT_CONVERSION = YES;
				GCC_WARN_ABOUT_RETURN_TYPE = YES_ERROR;
				GCC_WARN_UNDECLARED_SELECTOR = YES;
				GCC_WARN_UNINITIALIZED_AUTOS = YES_AGGRESSIVE;
				GCC_WARN_UNUSED_FUNCTION = YES;
				GCC_WARN_UNUSED_VARIABLE = YES;
				IPHONEOS_DEPLOYMENT_TARGET = 16.4;
				MTL_ENABLE_DEBUG_INFO = NO;
				MTL_FAST_MATH = YES;
				SDKROOT = iphoneos;
				SWIFT_COMPILATION_MODE = wholemodule;
				SWIFT_OPTIMIZATION_LEVEL = "-O";
				VALIDATE_PRODUCT = YES;
			};
			name = Release;
		};
		D50CDDCF2AD6C8C200FC4F07 /* Debug */ = {
			isa = XCBuildConfiguration;
			buildSettings = {
				ASSETCATALOG_COMPILER_APPICON_NAME = AppIcon;
				ASSETCATALOG_COMPILER_GLOBAL_ACCENT_COLOR_NAME = AccentColor;
				CODE_SIGN_STYLE = Automatic;
				CURRENT_PROJECT_VERSION = 1;
				DEVELOPMENT_ASSET_PATHS = "\"copy-data/Preview Content\"";
				DEVELOPMENT_TEAM = MNA6AUW398;
				ENABLE_PREVIEWS = YES;
				GENERATE_INFOPLIST_FILE = YES;
				INFOPLIST_KEY_UIApplicationSceneManifest_Generation = YES;
				INFOPLIST_KEY_UIApplicationSupportsIndirectInputEvents = YES;
				INFOPLIST_KEY_UILaunchScreen_Generation = YES;
				INFOPLIST_KEY_UISupportedInterfaceOrientations_iPad = "UIInterfaceOrientationPortrait UIInterfaceOrientationPortraitUpsideDown UIInterfaceOrientationLandscapeLeft UIInterfaceOrientationLandscapeRight";
				INFOPLIST_KEY_UISupportedInterfaceOrientations_iPhone = "UIInterfaceOrientationPortrait UIInterfaceOrientationLandscapeLeft UIInterfaceOrientationLandscapeRight";
				LD_RUNPATH_SEARCH_PATHS = (
					"$(inherited)",
					"@executable_path/Frameworks",
				);
				MARKETING_VERSION = 1.0;
				PRODUCT_BUNDLE_IDENTIFIER = "com.games-checkin.copy-data";
				PRODUCT_NAME = "$(TARGET_NAME)";
				SWIFT_EMIT_LOC_STRINGS = YES;
				SWIFT_VERSION = 5.0;
				TARGETED_DEVICE_FAMILY = "1,2";
			};
			name = Debug;
		};
		D50CDDD02AD6C8C200FC4F07 /* Release */ = {
			isa = XCBuildConfiguration;
			buildSettings = {
				ASSETCATALOG_COMPILER_APPICON_NAME = AppIcon;
				ASSETCATALOG_COMPILER_GLOBAL_ACCENT_COLOR_NAME = AccentColor;
				CODE_SIGN_STYLE = Automatic;
				CURRENT_PROJECT_VERSION = 1;
				DEVELOPMENT_ASSET_PATHS = "\"copy-data/Preview Content\"";
				DEVELOPMENT_TEAM = MNA6AUW398;
				ENABLE_PREVIEWS = YES;
				GENERATE_INFOPLIST_FILE = YES;
				INFOPLIST_KEY_UIApplicationSceneManifest_Generation = YES;
				INFOPLIST_KEY_UIApplicationSupportsIndirectInputEvents = YES;
				INFOPLIST_KEY_UILaunchScreen_Generation = YES;
				INFOPLIST_KEY_UISupportedInterfaceOrientations_iPad = "UIInterfaceOrientationPortrait UIInterfaceOrientationPortraitUpsideDown UIInterfaceOrientationLandscapeLeft UIInterfaceOrientationLandscapeRight";
				INFOPLIST_KEY_UISupportedInterfaceOrientations_iPhone = "UIInterfaceOrientationPortrait UIInterfaceOrientationLandscapeLeft UIInterfaceOrientationLandscapeRight";
				LD_RUNPATH_SEARCH_PATHS = (
					"$(inherited)",
					"@executable_path/Frameworks",
				);
				MARKETING_VERSION = 1.0;
				PRODUCT_BUNDLE_IDENTIFIER = "com.games-checkin.copy-data";
				PRODUCT_NAME = "$(TARGET_NAME)";
				SWIFT_EMIT_LOC_STRINGS = YES;
				SWIFT_VERSION = 5.0;
				TARGETED_DEVICE_FAMILY = "1,2";
			};
			name = Release;
		};
/* End XCBuildConfiguration section */

/* Begin XCConfigurationList section */
		D50CDDBB2AD6C8C100FC4F07 /* Build configuration list for PBXProject "copy-data" */ = {
			isa = XCConfigurationList;
			buildConfigurations = (
				D50CDDCC2AD6C8C200FC4F07 /* Debug */,
				D50CDDCD2AD6C8C200FC4F07 /* Release */,
			);
			defaultConfigurationIsVisible = 0;
			defaultConfigurationName = Release;
		};
		D50CDDCE2AD6C8C200FC4F07 /* Build configuration list for PBXNativeTarget "copy-data" */ = {
			isa = XCConfigurationList;
			buildConfigurations = (
				D50CDDCF2AD6C8C200FC4F07 /* Debug */,
				D50CDDD02AD6C8C200FC4F07 /* Release */,
			);
			defaultConfigurationIsVisible = 0;
			defaultConfigurationName = Release;
		};
/* End XCConfigurationList section */
	};
	rootObject = D50CDDB82AD6C8C100FC4F07 /* Project object */;
}
